
Microsoft Visual Studio Solution File, Format Version 12.00
# Visual Studio 15
VisualStudioVersion = 15.0.26124.0
MinimumVisualStudioVersion = 15.0.26124.0
Project("{FAE04EC0-301F-11D3-BF4B-00C04F79EFBC}") = "API", "API\API.csproj", "{0A240E81-36CE-419D-B3FE-8FF9122524B5}"
EndProject
Project("{FAE04EC0-301F-11D3-BF4B-00C04F79EFBC}") = "Core", "Core\Core.csproj", "{4E7003C3-503C-41A6-A502-356555EC32FB}"
EndProject
Project("{FAE04EC0-301F-11D3-BF4B-00C04F79EFBC}") = "Infrastructure", "Infrastructure\Infrastructure.csproj", "{88A95FAF-499F-4623-BC1A-743AA88099BD}"
EndProject
Project("{FAE04EC0-301F-11D3-BF4B-00C04F79EFBC}") = "mvcclient", "mvcclient\mvcclient.csproj", "{7A9E251C-4D5D-45F2-AEA6-4B37990751A4}"
EndProject
Global
	GlobalSection(SolutionConfigurationPlatforms) = preSolution
		Debug|Any CPU = Debug|Any CPU
		Debug|x64 = Debug|x64
		Debug|x86 = Debug|x86
		Release|Any CPU = Release|Any CPU
		Release|x64 = Release|x64
		Release|x86 = Release|x86
	EndGlobalSection
	GlobalSection(SolutionProperties) = preSolution
		HideSolutionNode = FALSE
	EndGlobalSection
	GlobalSection(ProjectConfigurationPlatforms) = postSolution
		{0A240E81-36CE-419D-B3FE-8FF9122524B5}.Debug|Any CPU.ActiveCfg = Debug|Any CPU
		{0A240E81-36CE-419D-B3FE-8FF9122524B5}.Debug|Any CPU.Build.0 = Debug|Any CPU
		{0A240E81-36CE-419D-B3FE-8FF9122524B5}.Debug|x64.ActiveCfg = Debug|Any CPU
		{0A240E81-36CE-419D-B3FE-8FF9122524B5}.Debug|x64.Build.0 = Debug|Any CPU
		{0A240E81-36CE-419D-B3FE-8FF9122524B5}.Debug|x86.ActiveCfg = Debug|Any CPU
		{0A240E81-36CE-419D-B3FE-8FF9122524B5}.Debug|x86.Build.0 = Debug|Any CPU
		{0A240E81-36CE-419D-B3FE-8FF9122524B5}.Release|Any CPU.ActiveCfg = Release|Any CPU
		{0A240E81-36CE-419D-B3FE-8FF9122524B5}.Release|Any CPU.Build.0 = Release|Any CPU
		{0A240E81-36CE-419D-B3FE-8FF9122524B5}.Release|x64.ActiveCfg = Release|Any CPU
		{0A240E81-36CE-419D-B3FE-8FF9122524B5}.Release|x64.Build.0 = Release|Any CPU
		{0A240E81-36CE-419D-B3FE-8FF9122524B5}.Release|x86.ActiveCfg = Release|Any CPU
		{0A240E81-36CE-419D-B3FE-8FF9122524B5}.Release|x86.Build.0 = Release|Any CPU
		{4E7003C3-503C-41A6-A502-356555EC32FB}.Debug|Any CPU.ActiveCfg = Debug|Any CPU
		{4E7003C3-503C-41A6-A502-356555EC32FB}.Debug|Any CPU.Build.0 = Debug|Any CPU
		{4E7003C3-503C-41A6-A502-356555EC32FB}.Debug|x64.ActiveCfg = Debug|Any CPU
		{4E7003C3-503C-41A6-A502-356555EC32FB}.Debug|x64.Build.0 = Debug|Any CPU
		{4E7003C3-503C-41A6-A502-356555EC32FB}.Debug|x86.ActiveCfg = Debug|Any CPU
		{4E7003C3-503C-41A6-A502-356555EC32FB}.Debug|x86.Build.0 = Debug|Any CPU
		{4E7003C3-503C-41A6-A502-356555EC32FB}.Release|Any CPU.ActiveCfg = Release|Any CPU
		{4E7003C3-503C-41A6-A502-356555EC32FB}.Release|Any CPU.Build.0 = Release|Any CPU
		{4E7003C3-503C-41A6-A502-356555EC32FB}.Release|x64.ActiveCfg = Release|Any CPU
		{4E7003C3-503C-41A6-A502-356555EC32FB}.Release|x64.Build.0 = Release|Any CPU
		{4E7003C3-503C-41A6-A502-356555EC32FB}.Release|x86.ActiveCfg = Release|Any CPU
		{4E7003C3-503C-41A6-A502-356555EC32FB}.Release|x86.Build.0 = Release|Any CPU
		{88A95FAF-499F-4623-BC1A-743AA88099BD}.Debug|Any CPU.ActiveCfg = Debug|Any CPU
		{88A95FAF-499F-4623-BC1A-743AA88099BD}.Debug|Any CPU.Build.0 = Debug|Any CPU
		{88A95FAF-499F-4623-BC1A-743AA88099BD}.Debug|x64.ActiveCfg = Debug|Any CPU
		{88A95FAF-499F-4623-BC1A-743AA88099BD}.Debug|x64.Build.0 = Debug|Any CPU
		{88A95FAF-499F-4623-BC1A-743AA88099BD}.Debug|x86.ActiveCfg = Debug|Any CPU
		{88A95FAF-499F-4623-BC1A-743AA88099BD}.Debug|x86.Build.0 = Debug|Any CPU
		{88A95FAF-499F-4623-BC1A-743AA88099BD}.Release|Any CPU.ActiveCfg = Release|Any CPU
		{88A95FAF-499F-4623-BC1A-743AA88099BD}.Release|Any CPU.Build.0 = Release|Any CPU
		{88A95FAF-499F-4623-BC1A-743AA88099BD}.Release|x64.ActiveCfg = Release|Any CPU
		{88A95FAF-499F-4623-BC1A-743AA88099BD}.Release|x64.Build.0 = Release|Any CPU
		{88A95FAF-499F-4623-BC1A-743AA88099BD}.Release|x86.ActiveCfg = Release|Any CPU
		{88A95FAF-499F-4623-BC1A-743AA88099BD}.Release|x86.Build.0 = Release|Any CPU
		{861112C8-FAF8-45FE-8DC9-6B7503A49928}.Debug|Any CPU.ActiveCfg = Debug|Any CPU
		{861112C8-FAF8-45FE-8DC9-6B7503A49928}.Debug|Any CPU.Build.0 = Debug|Any CPU
		{861112C8-FAF8-45FE-8DC9-6B7503A49928}.Debug|x64.ActiveCfg = Debug|Any CPU
		{861112C8-FAF8-45FE-8DC9-6B7503A49928}.Debug|x64.Build.0 = Debug|Any CPU
		{861112C8-FAF8-45FE-8DC9-6B7503A49928}.Debug|x86.ActiveCfg = Debug|Any CPU
		{861112C8-FAF8-45FE-8DC9-6B7503A49928}.Debug|x86.Build.0 = Debug|Any CPU
		{861112C8-FAF8-45FE-8DC9-6B7503A49928}.Release|Any CPU.ActiveCfg = Release|Any CPU
		{861112C8-FAF8-45FE-8DC9-6B7503A49928}.Release|Any CPU.Build.0 = Release|Any CPU
		{861112C8-FAF8-45FE-8DC9-6B7503A49928}.Release|x64.ActiveCfg = Release|Any CPU
		{861112C8-FAF8-45FE-8DC9-6B7503A49928}.Release|x64.Build.0 = Release|Any CPU
		{861112C8-FAF8-45FE-8DC9-6B7503A49928}.Release|x86.ActiveCfg = Release|Any CPU
		{861112C8-FAF8-45FE-8DC9-6B7503A49928}.Release|x86.Build.0 = Release|Any CPU
		{7A9E251C-4D5D-45F2-AEA6-4B37990751A4}.Debug|Any CPU.ActiveCfg = Debug|Any CPU
		{7A9E251C-4D5D-45F2-AEA6-4B37990751A4}.Debug|Any CPU.Build.0 = Debug|Any CPU
		{7A9E251C-4D5D-45F2-AEA6-4B37990751A4}.Debug|x64.ActiveCfg = Debug|Any CPU
		{7A9E251C-4D5D-45F2-AEA6-4B37990751A4}.Debug|x64.Build.0 = Debug|Any CPU
		{7A9E251C-4D5D-45F2-AEA6-4B37990751A4}.Debug|x86.ActiveCfg = Debug|Any CPU
		{7A9E251C-4D5D-45F2-AEA6-4B37990751A4}.Debug|x86.Build.0 = Debug|Any CPU
		{7A9E251C-4D5D-45F2-AEA6-4B37990751A4}.Release|Any CPU.ActiveCfg = Release|Any CPU
		{7A9E251C-4D5D-45F2-AEA6-4B37990751A4}.Release|Any CPU.Build.0 = Release|Any CPU
		{7A9E251C-4D5D-45F2-AEA6-4B37990751A4}.Release|x64.ActiveCfg = Release|Any CPU
		{7A9E251C-4D5D-45F2-AEA6-4B37990751A4}.Release|x64.Build.0 = Release|Any CPU
		{7A9E251C-4D5D-45F2-AEA6-4B37990751A4}.Release|x86.ActiveCfg = Release|Any CPU
		{7A9E251C-4D5D-45F2-AEA6-4B37990751A4}.Release|x86.Build.0 = Release|Any CPU
	EndGlobalSection
EndGlobal
